
Microsoft Visual Studio Solution File, Format Version 12.00
# Visual Studio Version 17
VisualStudioVersion = 17.8.34525.116
MinimumVisualStudioVersion = 10.0.40219.1
Project("{FAE04EC0-301F-11D3-BF4B-00C04F79EFBC}") = "ConsoleApp1", "ConsoleApp1.csproj", "{AEFDEC3E-6A4C-4EB7-9BAA-5BEEA5D3D140}"
EndProject
Global
	GlobalSection(SolutionConfigurationPlatforms) = preSolution
		Debug|Any CPU = Debug|Any CPU
		Release|Any CPU = Release|Any CPU
	EndGlobalSection
	GlobalSection(ProjectConfigurationPlatforms) = postSolution
		{AEFDEC3E-6A4C-4EB7-9BAA-5BEEA5D3D140}.Debug|Any CPU.ActiveCfg = Debug|Any CPU
		{AEFDEC3E-6A4C-4EB7-9BAA-5BEEA5D3D140}.Debug|Any CPU.Build.0 = Debug|Any CPU
		{AEFDEC3E-6A4C-4EB7-9BAA-5BEEA5D3D140}.Release|Any CPU.ActiveCfg = Release|Any CPU
		{AEFDEC3E-6A4C-4EB7-9BAA-5BEEA5D3D140}.Release|Any CPU.Build.0 = Release|Any CPU
	EndGlobalSection
	GlobalSection(SolutionProperties) = preSolution
		HideSolutionNode = FALSE
	EndGlobalSection
	GlobalSection(ExtensibilityGlobals) = postSolution
		SolutionGuid = {68FA2263-6E18-41AD-B1EB-BCCCBBFB5677}
	EndGlobalSection
EndGlobal
